
Microsoft Visual Studio Solution File, Format Version 12.00
# Visual Studio Version 16
VisualStudioVersion = 16.0.30002.166
MinimumVisualStudioVersion = 10.0.40219.1
Project("{FAE04EC0-301F-11D3-BF4B-00C04F79EFBC}") = "Worlds_Simplest", "Worlds_Simplest\Worlds_Simplest.csproj", "{573E86F6-1CC1-4BEF-BDE5-79F47E726935}"
EndProject
Global
	GlobalSection(SolutionConfigurationPlatforms) = preSolution
		Debug|Any CPU = Debug|Any CPU
		Release|Any CPU = Release|Any CPU
	EndGlobalSection
	GlobalSection(ProjectConfigurationPlatforms) = postSolution
		{573E86F6-1CC1-4BEF-BDE5-79F47E726935}.Debug|Any CPU.ActiveCfg = Debug|Any CPU
		{573E86F6-1CC1-4BEF-BDE5-79F47E726935}.Debug|Any CPU.Build.0 = Debug|Any CPU
		{573E86F6-1CC1-4BEF-BDE5-79F47E726935}.Release|Any CPU.ActiveCfg = Release|Any CPU
		{573E86F6-1CC1-4BEF-BDE5-79F47E726935}.Release|Any CPU.Build.0 = Release|Any CPU
	EndGlobalSection
	GlobalSection(SolutionProperties) = preSolution
		HideSolutionNode = FALSE
	EndGlobalSection
	GlobalSection(ExtensibilityGlobals) = postSolution
		SolutionGuid = {383B38CC-600F-4834-B611-CB27971D39A6}
	EndGlobalSection
EndGlobal
