
Microsoft Visual Studio Solution File, Format Version 12.00
# Visual Studio Version 16
VisualStudioVersion = 16.0.30002.166
MinimumVisualStudioVersion = 10.0.40219.1
Project("{FAE04EC0-301F-11D3-BF4B-00C04F79EFBC}") = "Rachel_SimpleMVVM", "Rachel_SimpleMVVM\Rachel_SimpleMVVM.csproj", "{47BE2BA0-BEA0-4FE3-B6BF-7575878EA966}"
EndProject
Global
	GlobalSection(SolutionConfigurationPlatforms) = preSolution
		Debug|Any CPU = Debug|Any CPU
		Release|Any CPU = Release|Any CPU
	EndGlobalSection
	GlobalSection(ProjectConfigurationPlatforms) = postSolution
		{47BE2BA0-BEA0-4FE3-B6BF-7575878EA966}.Debug|Any CPU.ActiveCfg = Debug|Any CPU
		{47BE2BA0-BEA0-4FE3-B6BF-7575878EA966}.Debug|Any CPU.Build.0 = Debug|Any CPU
		{47BE2BA0-BEA0-4FE3-B6BF-7575878EA966}.Release|Any CPU.ActiveCfg = Release|Any CPU
		{47BE2BA0-BEA0-4FE3-B6BF-7575878EA966}.Release|Any CPU.Build.0 = Release|Any CPU
	EndGlobalSection
	GlobalSection(SolutionProperties) = preSolution
		HideSolutionNode = FALSE
	EndGlobalSection
	GlobalSection(ExtensibilityGlobals) = postSolution
		SolutionGuid = {7F5129CC-C913-4F55-B051-447C378A7D23}
	EndGlobalSection
EndGlobal
